{
  "name": "AUDESYS",
  "lockfileVersion": 3,
  "requires": true,
  "packages": {
    "": {
      "devDependencies": {
        "@colbymchenry/codegraph": "^1.3.0"
      }
    },
    "node_modules/@colbymchenry/codegraph": {
      "version": "1.3.0",
      "resolved": "https://registry.npmmirror.com/@colbymchenry/codegraph/-/codegraph-1.3.0.tgz",
      "integrity": "sha512-bk+Bj0qCA9QMepF2MoK2Sh/SLj6Bp6kl6UekYOMkTzD6isTUJ8qGpmUFoPKjjE8nkKEeadvTeWEHJETebKB69w==",
      "dev": true,
      "license": "MIT",
      "bin": {
        "codegraph": "npm-shim.js"
      },
      "optionalDependencies": {
        "@colbymchenry/codegraph-darwin-arm64": "1.3.0",
        "@colbymchenry/codegraph-darwin-x64": "1.3.0",
        "@colbymchenry/codegraph-linux-arm64": "1.3.0",
        "@colbymchenry/codegraph-linux-x64": "1.3.0",
        "@colbymchenry/codegraph-win32-arm64": "1.3.0",
        "@colbymchenry/codegraph-win32-x64": "1.3.0"
      }
    },
    "node_modules/@colbymchenry/codegraph-darwin-arm64": {
      "version": "1.3.0",
      "resolved": "https://registry.npmmirror.com/@colbymchenry/codegraph-darwin-arm64/-/codegraph-darwin-arm64-1.3.0.tgz",
      "integrity": "sha512-1pV2z6YQgHLlts5oa1VpdoQwg8h68sC5Vm3O6eSLnFIxj7MmJqqU/EQ66aqlAWx/bw4u/KoEZkipDvtODGhrxQ==",
      "cpu": [
        "arm64"
      ],
      "dev": true,
      "license": "MIT",
      "optional": true,
      "os": [
        "darwin"
      ]
    },
    "node_modules/@colbymchenry/codegraph-darwin-x64": {
      "version": "1.3.0",
      "resolved": "https://registry.npmmirror.com/@colbymchenry/codegraph-darwin-x64/-/codegraph-darwin-x64-1.3.0.tgz",
      "integrity": "sha512-FOWRox/GBdAwilgnUZy6pSykyWu6vZfNAZW0M4VULcstyBMYwqbW6oRj8HiQtwM6JkoDy6+j9Dw/K4n5lBgXUg==",
      "cpu": [
        "x64"
      ],
      "dev": true,
      "license": "MIT",
      "optional": true,
      "os": [
        "darwin"
      ]
    },
    "node_modules/@colbymchenry/codegraph-linux-arm64": {
      "version": "1.3.0",
      "resolved": "https://registry.npmmirror.com/@colbymchenry/codegraph-linux-arm64/-/codegraph-linux-arm64-1.3.0.tgz",
      "integrity": "sha512-GCC+OcKRgxjkBWn3ajP7gNFGTJBdWORJzK2nPXvvPyXYg89DxAaoo2KbdZA6vJzMLIwHFiB6/tnr8TnLbJemnQ==",
      "cpu": [
        "arm64"
      ],
      "dev": true,
      "license": "MIT",
      "optional": true,
      "os": [
        "linux"
      ]
    },
    "node_modules/@colbymchenry/codegraph-linux-x64": {
      "version": "1.3.0",
      "resolved": "https://registry.npmmirror.com/@colbymchenry/codegraph-linux-x64/-/codegraph-linux-x64-1.3.0.tgz",
      "integrity": "sha512-ZDWuwHB6x+WiG/SllBUYytMGQq1atI7IhbLOuRdFCWT0xBQzkE49EMC7r5iIyKOXpZ8iQAS3OajDJXTEm+DGgw==",
      "cpu": [
        "x64"
      ],
      "dev": true,
      "license": "MIT",
      "optional": true,
      "os": [
        "linux"
      ]
    },
    "node_modules/@colbymchenry/codegraph-win32-arm64": {
      "version": "1.3.0",
      "resolved": "https://registry.npmmirror.com/@colbymchenry/codegraph-win32-arm64/-/codegraph-win32-arm64-1.3.0.tgz",
      "integrity": "sha512-Q8iekarXwRZHIXtuDg6HjrMkB+jtDROA8gPtIajUvH3DK1gtf+6soguT5I8m75bhi5gA59yzLspijouFXL9bwA==",
      "cpu": [
        "arm64"
      ],
      "dev": true,
      "license": "MIT",
      "optional": true,
      "os": [
        "win32"
      ]
    },
    "node_modules/@colbymchenry/codegraph-win32-x64": {
      "version": "1.3.0",
      "resolved": "https://registry.npmmirror.com/@colbymchenry/codegraph-win32-x64/-/codegraph-win32-x64-1.3.0.tgz",
      "integrity": "sha512-Seve/qfHPsamy3n1IFqE4RCgQqxtjPyZKav49LAfanvw+wtVPenqvyB8//qyXAu5KZpwBfW83ISxnNZ+7+3FNw==",
      "cpu": [
        "x64"
      ],
      "dev": true,
      "license": "MIT",
      "optional": true,
      "os": [
        "win32"
      ]
    }
  }
}
